// !$*UTF8*$!
{
	archiveVersion = 1;
	classes = {
	};
	objectVersion = 50;
	objects = {

/* Begin PBXBuildFile section */
		69533E58247E58C7001AC751 /* AppDelegate.swift in Sources */ = {isa = PBXBuildFile; fileRef = 69533E57247E58C7001AC751 /* AppDelegate.swift */; };
		69533E5A247E58C7001AC751 /* SceneDelegate.swift in Sources */ = {isa = PBXBuildFile; fileRef = 69533E59247E58C7001AC751 /* SceneDelegate.swift */; };
		69533E61247E58CA001AC751 /* Assets.xcassets in Resources */ = {isa = PBXBuildFile; fileRef = 69533E60247E58CA001AC751 /* Assets.xcassets */; };
		69533E64247E58CA001AC751 /* LaunchScreen.storyboard in Resources */ = {isa = PBXBuildFile; fileRef = 69533E62247E58CA001AC751 /* LaunchScreen.storyboard */; };
		69533E6F247E58CA001AC751 /* EmployeesTests.swift in Sources */ = {isa = PBXBuildFile; fileRef = 69533E6E247E58CA001AC751 /* EmployeesTests.swift */; };
		69533E7B247E59C4001AC751 /* Employee.swift in Sources */ = {isa = PBXBuildFile; fileRef = 69533E7A247E59C4001AC751 /* Employee.swift */; };
		69533E7D247E6D61001AC751 /* ContactDetails.swift in Sources */ = {isa = PBXBuildFile; fileRef = 69533E7C247E6D61001AC751 /* ContactDetails.swift */; };
		69533E80247E6EC4001AC751 /* Endpoint.swift in Sources */ = {isa = PBXBuildFile; fileRef = 69533E7F247E6EC4001AC751 /* Endpoint.swift */; };
		69533E88247E7605001AC751 /* NetworkService.swift in Sources */ = {isa = PBXBuildFile; fileRef = 69533E87247E7605001AC751 /* NetworkService.swift */; };
		69533E8B247E7A73001AC751 /* NetworkServiceImpl.swift in Sources */ = {isa = PBXBuildFile; fileRef = 69533E8A247E7A73001AC751 /* NetworkServiceImpl.swift */; };
		69533E8E247E85DE001AC751 /* ResponseHandler.swift in Sources */ = {isa = PBXBuildFile; fileRef = 69533E8D247E85DE001AC751 /* ResponseHandler.swift */; };
		69533E91247E8693001AC751 /* TartuEndpoint.swift in Sources */ = {isa = PBXBuildFile; fileRef = 69533E90247E8693001AC751 /* TartuEndpoint.swift */; };
		69533E93247E86ED001AC751 /* TallinnEndpoint.swift in Sources */ = {isa = PBXBuildFile; fileRef = 69533E92247E86ED001AC751 /* TallinnEndpoint.swift */; };
		69533E96247EAE1D001AC751 /* EmployeesListViewController.storyboard in Resources */ = {isa = PBXBuildFile; fileRef = 69533E95247EAE1C001AC751 /* EmployeesListViewController.storyboard */; };
		69533E9A247EB02D001AC751 /* EmployeesListViewController.swift in Sources */ = {isa = PBXBuildFile; fileRef = 69533E99247EB02D001AC751 /* EmployeesListViewController.swift */; };
		69533E9C247EBD98001AC751 /* ViewControllersFactory.swift in Sources */ = {isa = PBXBuildFile; fileRef = 69533E9B247EBD98001AC751 /* ViewControllersFactory.swift */; };
		69533E9E247ED2C9001AC751 /* EmployeesListViewModelImpl.swift in Sources */ = {isa = PBXBuildFile; fileRef = 69533E9D247ED2C9001AC751 /* EmployeesListViewModelImpl.swift */; };
		69533EA2247EF00F001AC751 /* EmployeesOperation.swift in Sources */ = {isa = PBXBuildFile; fileRef = 69533EA1247EF00F001AC751 /* EmployeesOperation.swift */; };
		69533EAC247FCF4A001AC751 /* UITableVIew+Extension.swift in Sources */ = {isa = PBXBuildFile; fileRef = 69533EAB247FCF4A001AC751 /* UITableVIew+Extension.swift */; };
		69533EB1248057DC001AC751 /* DataOperation.swift in Sources */ = {isa = PBXBuildFile; fileRef = 69533EB0248057DC001AC751 /* DataOperation.swift */; };
		69B7AAD32481517B00716B77 /* NetworkingManager.swift in Sources */ = {isa = PBXBuildFile; fileRef = 69B7AAD22481517B00716B77 /* NetworkingManager.swift */; };
		69B7AAD5248157B400716B77 /* NetworkManagerProtocol.swift in Sources */ = {isa = PBXBuildFile; fileRef = 69B7AAD4248157B400716B77 /* NetworkManagerProtocol.swift */; };
		69B7AAD924817BB300716B77 /* UIViewController+Extensions.swift in Sources */ = {isa = PBXBuildFile; fileRef = 69B7AAD824817BB300716B77 /* UIViewController+Extensions.swift */; };
		69B7AADB24817DD300716B77 /* EmployeesListViewModel.swift in Sources */ = {isa = PBXBuildFile; fileRef = 69B7AADA24817DD300716B77 /* EmployeesListViewModel.swift */; };
		69B7AADE24817ED000716B77 /* CommonConstants.swift in Sources */ = {isa = PBXBuildFile; fileRef = 69B7AADD24817ED000716B77 /* CommonConstants.swift */; };
		69CF072C2482BD37002BA691 /* DataStorageManager.swift in Sources */ = {isa = PBXBuildFile; fileRef = 69CF072B2482BD37002BA691 /* DataStorageManager.swift */; };
		69CF072F2482ECC7002BA691 /* EmployeeDetailsViewController.storyboard in Resources */ = {isa = PBXBuildFile; fileRef = 69CF072E2482ECC7002BA691 /* EmployeeDetailsViewController.storyboard */; };
		69CF07312482ECD4002BA691 /* EmployeeDetailsViewController.swift in Sources */ = {isa = PBXBuildFile; fileRef = 69CF07302482ECD4002BA691 /* EmployeeDetailsViewController.swift */; };
		69CF07332483C555002BA691 /* EmployeeDetailsViewModel.swift in Sources */ = {isa = PBXBuildFile; fileRef = 69CF07322483C555002BA691 /* EmployeeDetailsViewModel.swift */; };
		69CF07352483C561002BA691 /* EmployeeDetailsViewModelImpl.swift in Sources */ = {isa = PBXBuildFile; fileRef = 69CF07342483C561002BA691 /* EmployeeDetailsViewModelImpl.swift */; };
		69CF07382483FCE8002BA691 /* LocalContactsService.swift in Sources */ = {isa = PBXBuildFile; fileRef = 69CF07372483FCE8002BA691 /* LocalContactsService.swift */; };
		69CF07412484357F002BA691 /* EmployeeCell.swift in Sources */ = {isa = PBXBuildFile; fileRef = 69CF073F2484357F002BA691 /* EmployeeCell.swift */; };
		69CF07422484357F002BA691 /* EmployeeCell.xib in Resources */ = {isa = PBXBuildFile; fileRef = 69CF07402484357F002BA691 /* EmployeeCell.xib */; };
/* End PBXBuildFile section */

/* Begin PBXContainerItemProxy section */
		69533E6B247E58CA001AC751 /* PBXContainerItemProxy */ = {
			isa = PBXContainerItemProxy;
			containerPortal = 69533E4C247E58C7001AC751 /* Project object */;
			proxyType = 1;
			remoteGlobalIDString = 69533E53247E58C7001AC751;
			remoteInfo = Employees;
		};
/* End PBXContainerItemProxy section */

/* Begin PBXFileReference section */
		69533E54247E58C7001AC751 /* Employees.app */ = {isa = PBXFileReference; explicitFileType = wrapper.application; includeInIndex = 0; path = Employees.app; sourceTree = BUILT_PRODUCTS_DIR; };
		69533E57247E58C7001AC751 /* AppDelegate.swift */ = {isa = PBXFileReference; lastKnownFileType = sourcecode.swift; path = AppDelegate.swift; sourceTree = "<group>"; };
		69533E59247E58C7001AC751 /* SceneDelegate.swift */ = {isa = PBXFileReference; lastKnownFileType = sourcecode.swift; path = SceneDelegate.swift; sourceTree = "<group>"; };
		69533E60247E58CA001AC751 /* Assets.xcassets */ = {isa = PBXFileReference; lastKnownFileType = folder.assetcatalog; path = Assets.xcassets; sourceTree = "<group>"; };
		69533E63247E58CA001AC751 /* Base */ = {isa = PBXFileReference; lastKnownFileType = file.storyboard; name = Base; path = Base.lproj/LaunchScreen.storyboard; sourceTree = "<group>"; };
		69533E65247E58CA001AC751 /* Info.plist */ = {isa = PBXFileReference; lastKnownFileType = text.plist.xml; path = Info.plist; sourceTree = "<group>"; };
		69533E6A247E58CA001AC751 /* EmployeesTests.xctest */ = {isa = PBXFileReference; explicitFileType = wrapper.cfbundle; includeInIndex = 0; path = EmployeesTests.xctest; sourceTree = BUILT_PRODUCTS_DIR; };
		69533E6E247E58CA001AC751 /* EmployeesTests.swift */ = {isa = PBXFileReference; lastKnownFileType = sourcecode.swift; path = EmployeesTests.swift; sourceTree = "<group>"; };
		69533E70247E58CA001AC751 /* Info.plist */ = {isa = PBXFileReference; lastKnownFileType = text.plist.xml; path = Info.plist; sourceTree = "<group>"; };
		69533E7A247E59C4001AC751 /* Employee.swift */ = {isa = PBXFileReference; lastKnownFileType = sourcecode.swift; path = Employee.swift; sourceTree = "<group>"; };
		69533E7C247E6D61001AC751 /* ContactDetails.swift */ = {isa = PBXFileReference; lastKnownFileType = sourcecode.swift; path = ContactDetails.swift; sourceTree = "<group>"; };
		69533E7F247E6EC4001AC751 /* Endpoint.swift */ = {isa = PBXFileReference; lastKnownFileType = sourcecode.swift; path = Endpoint.swift; sourceTree = "<group>"; };
		69533E87247E7605001AC751 /* NetworkService.swift */ = {isa = PBXFileReference; lastKnownFileType = sourcecode.swift; path = NetworkService.swift; sourceTree = "<group>"; };
		69533E8A247E7A73001AC751 /* NetworkServiceImpl.swift */ = {isa = PBXFileReference; lastKnownFileType = sourcecode.swift; path = NetworkServiceImpl.swift; sourceTree = "<group>"; };
		69533E8D247E85DE001AC751 /* ResponseHandler.swift */ = {isa = PBXFileReference; lastKnownFileType = sourcecode.swift; path = ResponseHandler.swift; sourceTree = "<group>"; };
		69533E90247E8693001AC751 /* TartuEndpoint.swift */ = {isa = PBXFileReference; lastKnownFileType = sourcecode.swift; path = TartuEndpoint.swift; sourceTree = "<group>"; };
		69533E92247E86ED001AC751 /* TallinnEndpoint.swift */ = {isa = PBXFileReference; lastKnownFileType = sourcecode.swift; path = TallinnEndpoint.swift; sourceTree = "<group>"; };
		69533E95247EAE1C001AC751 /* EmployeesListViewController.storyboard */ = {isa = PBXFileReference; lastKnownFileType = file.storyboard; path = EmployeesListViewController.storyboard; sourceTree = "<group>"; };
		69533E99247EB02D001AC751 /* EmployeesListViewController.swift */ = {isa = PBXFileReference; lastKnownFileType = sourcecode.swift; path = EmployeesListViewController.swift; sourceTree = "<group>"; };
		69533E9B247EBD98001AC751 /* ViewControllersFactory.swift */ = {isa = PBXFileReference; lastKnownFileType = sourcecode.swift; path = ViewControllersFactory.swift; sourceTree = "<group>"; };
		69533E9D247ED2C9001AC751 /* EmployeesListViewModelImpl.swift */ = {isa = PBXFileReference; lastKnownFileType = sourcecode.swift; path = EmployeesListViewModelImpl.swift; sourceTree = "<group>"; };
		69533EA1247EF00F001AC751 /* EmployeesOperation.swift */ = {isa = PBXFileReference; lastKnownFileType = sourcecode.swift; path = EmployeesOperation.swift; sourceTree = "<group>"; };
		69533EAB247FCF4A001AC751 /* UITableVIew+Extension.swift */ = {isa = PBXFileReference; lastKnownFileType = sourcecode.swift; path = "UITableVIew+Extension.swift"; sourceTree = "<group>"; };
		69533EB0248057DC001AC751 /* DataOperation.swift */ = {isa = PBXFileReference; lastKnownFileType = sourcecode.swift; path = DataOperation.swift; sourceTree = "<group>"; };
		69B7AAD22481517B00716B77 /* NetworkingManager.swift */ = {isa = PBXFileReference; lastKnownFileType = sourcecode.swift; path = NetworkingManager.swift; sourceTree = "<group>"; };
		69B7AAD4248157B400716B77 /* NetworkManagerProtocol.swift */ = {isa = PBXFileReference; lastKnownFileType = sourcecode.swift; path = NetworkManagerProtocol.swift; sourceTree = "<group>"; };
		69B7AAD824817BB300716B77 /* UIViewController+Extensions.swift */ = {isa = PBXFileReference; lastKnownFileType = sourcecode.swift; path = "UIViewController+Extensions.swift"; sourceTree = "<group>"; };
		69B7AADA24817DD300716B77 /* EmployeesListViewModel.swift */ = {isa = PBXFileReference; lastKnownFileType = sourcecode.swift; path = EmployeesListViewModel.swift; sourceTree = "<group>"; };
		69B7AADD24817ED000716B77 /* CommonConstants.swift */ = {isa = PBXFileReference; lastKnownFileType = sourcecode.swift; path = CommonConstants.swift; sourceTree = "<group>"; };
		69CF072B2482BD37002BA691 /* DataStorageManager.swift */ = {isa = PBXFileReference; lastKnownFileType = sourcecode.swift; path = DataStorageManager.swift; sourceTree = "<group>"; };
		69CF072E2482ECC7002BA691 /* EmployeeDetailsViewController.storyboard */ = {isa = PBXFileReference; lastKnownFileType = file.storyboard; path = EmployeeDetailsViewController.storyboard; sourceTree = "<group>"; };
		69CF07302482ECD4002BA691 /* EmployeeDetailsViewController.swift */ = {isa = PBXFileReference; lastKnownFileType = sourcecode.swift; path = EmployeeDetailsViewController.swift; sourceTree = "<group>"; };
		69CF07322483C555002BA691 /* EmployeeDetailsViewModel.swift */ = {isa = PBXFileReference; lastKnownFileType = sourcecode.swift; path = EmployeeDetailsViewModel.swift; sourceTree = "<group>"; };
		69CF07342483C561002BA691 /* EmployeeDetailsViewModelImpl.swift */ = {isa = PBXFileReference; lastKnownFileType = sourcecode.swift; path = EmployeeDetailsViewModelImpl.swift; sourceTree = "<group>"; };
		69CF07372483FCE8002BA691 /* LocalContactsService.swift */ = {isa = PBXFileReference; lastKnownFileType = sourcecode.swift; path = LocalContactsService.swift; sourceTree = "<group>"; };
		69CF073F2484357F002BA691 /* EmployeeCell.swift */ = {isa = PBXFileReference; lastKnownFileType = sourcecode.swift; path = EmployeeCell.swift; sourceTree = "<group>"; };
		69CF07402484357F002BA691 /* EmployeeCell.xib */ = {isa = PBXFileReference; lastKnownFileType = file.xib; path = EmployeeCell.xib; sourceTree = "<group>"; };
/* End PBXFileReference section */

/* Begin PBXFrameworksBuildPhase section */
		69533E51247E58C7001AC751 /* Frameworks */ = {
			isa = PBXFrameworksBuildPhase;
			buildActionMask = 2147483647;
			files = (
			);
			runOnlyForDeploymentPostprocessing = 0;
		};
		69533E67247E58CA001AC751 /* Frameworks */ = {
			isa = PBXFrameworksBuildPhase;
			buildActionMask = 2147483647;
			files = (
			);
			runOnlyForDeploymentPostprocessing = 0;
		};
/* End PBXFrameworksBuildPhase section */

/* Begin PBXGroup section */
		69533E4B247E58C7001AC751 = {
			isa = PBXGroup;
			children = (
				69533E56247E58C7001AC751 /* Employees */,
				69533E6D247E58CA001AC751 /* EmployeesTests */,
				69533E55247E58C7001AC751 /* Products */,
			);
			sourceTree = "<group>";
		};
		69533E55247E58C7001AC751 /* Products */ = {
			isa = PBXGroup;
			children = (
				69533E54247E58C7001AC751 /* Employees.app */,
				69533E6A247E58CA001AC751 /* EmployeesTests.xctest */,
			);
			name = Products;
			sourceTree = "<group>";
		};
		69533E56247E58C7001AC751 /* Employees */ = {
			isa = PBXGroup;
			children = (
				69CF073B248420E4002BA691 /* Application */,
				69B7AACF2481464600716B77 /* Factories */,
				69B7AADC24817EA100716B77 /* Common Constants */,
				69533EA8247FB555001AC751 /* Utils */,
				69533EAD247FE449001AC751 /* Extensions */,
				69CF0739248420B2002BA691 /* Supporting Files */,
				69CF073A248420B9002BA691 /* Resources */,
			);
			path = Employees;
			sourceTree = "<group>";
		};
		69533E6D247E58CA001AC751 /* EmployeesTests */ = {
			isa = PBXGroup;
			children = (
				69533E6E247E58CA001AC751 /* EmployeesTests.swift */,
				69533E70247E58CA001AC751 /* Info.plist */,
			);
			path = EmployeesTests;
			sourceTree = "<group>";
		};
		69533E79247E59B5001AC751 /* Entities */ = {
			isa = PBXGroup;
			children = (
				69533E7A247E59C4001AC751 /* Employee.swift */,
				69533E7C247E6D61001AC751 /* ContactDetails.swift */,
			);
			path = Entities;
			sourceTree = "<group>";
		};
		69533E7E247E6D7B001AC751 /* Networking */ = {
			isa = PBXGroup;
			children = (
				69B7AAD22481517B00716B77 /* NetworkingManager.swift */,
				69B7AAD4248157B400716B77 /* NetworkManagerProtocol.swift */,
				69533EA3247EF3F0001AC751 /* Operations */,
				69533E8F247E8640001AC751 /* Endpoints */,
				69533E89247E7A30001AC751 /* Service */,
			);
			path = Networking;
			sourceTree = "<group>";
		};
		69533E89247E7A30001AC751 /* Service */ = {
			isa = PBXGroup;
			children = (
				69533E8D247E85DE001AC751 /* ResponseHandler.swift */,
				69533E8A247E7A73001AC751 /* NetworkServiceImpl.swift */,
				69533E87247E7605001AC751 /* NetworkService.swift */,
			);
			path = Service;
			sourceTree = "<group>";
		};
		69533E8F247E8640001AC751 /* Endpoints */ = {
			isa = PBXGroup;
			children = (
				69533E7F247E6EC4001AC751 /* Endpoint.swift */,
				69533E90247E8693001AC751 /* TartuEndpoint.swift */,
				69533E92247E86ED001AC751 /* TallinnEndpoint.swift */,
			);
			path = Endpoints;
			sourceTree = "<group>";
		};
		69533E94247EADFC001AC751 /* List Of Employees */ = {
			isa = PBXGroup;
			children = (
				69CF073E24843557002BA691 /* EmployeeCell */,
				69533E95247EAE1C001AC751 /* EmployeesListViewController.storyboard */,
				69533E99247EB02D001AC751 /* EmployeesListViewController.swift */,
				69533E9D247ED2C9001AC751 /* EmployeesListViewModelImpl.swift */,
				69B7AADA24817DD300716B77 /* EmployeesListViewModel.swift */,
			);
			path = "List Of Employees";
			sourceTree = "<group>";
		};
		69533EA3247EF3F0001AC751 /* Operations */ = {
			isa = PBXGroup;
			children = (
				69533EA1247EF00F001AC751 /* EmployeesOperation.swift */,
				69533EB0248057DC001AC751 /* DataOperation.swift */,
			);
			path = Operations;
			sourceTree = "<group>";
		};
		69533EA8247FB555001AC751 /* Utils */ = {
			isa = PBXGroup;
			children = (
			);
			path = Utils;
			sourceTree = "<group>";
		};
		69533EAD247FE449001AC751 /* Extensions */ = {
			isa = PBXGroup;
			children = (
				69533EAB247FCF4A001AC751 /* UITableVIew+Extension.swift */,
				69B7AAD824817BB300716B77 /* UIViewController+Extensions.swift */,
			);
			path = Extensions;
			sourceTree = "<group>";
		};
		69B7AACF2481464600716B77 /* Factories */ = {
			isa = PBXGroup;
			children = (
				69533E9B247EBD98001AC751 /* ViewControllersFactory.swift */,
			);
			path = Factories;
			sourceTree = "<group>";
		};
		69B7AADC24817EA100716B77 /* Common Constants */ = {
			isa = PBXGroup;
			children = (
				69B7AADD24817ED000716B77 /* CommonConstants.swift */,
			);
			path = "Common Constants";
			sourceTree = "<group>";
		};
		69CF072A2482BD20002BA691 /* Storage */ = {
			isa = PBXGroup;
			children = (
				69CF072B2482BD37002BA691 /* DataStorageManager.swift */,
			);
			path = Storage;
			sourceTree = "<group>";
		};
		69CF072D2482ECB4002BA691 /* EmployeeDetails */ = {
			isa = PBXGroup;
			children = (
				69CF072E2482ECC7002BA691 /* EmployeeDetailsViewController.storyboard */,
				69CF07302482ECD4002BA691 /* EmployeeDetailsViewController.swift */,
				69CF07342483C561002BA691 /* EmployeeDetailsViewModelImpl.swift */,
				69CF07322483C555002BA691 /* EmployeeDetailsViewModel.swift */,
			);
			path = EmployeeDetails;
			sourceTree = "<group>";
		};
		69CF07362483F65B002BA691 /* Local Contacts Service */ = {
			isa = PBXGroup;
			children = (
				69CF07372483FCE8002BA691 /* LocalContactsService.swift */,
			);
			path = "Local Contacts Service";
			sourceTree = "<group>";
		};
		69CF0739248420B2002BA691 /* Supporting Files */ = {
			isa = PBXGroup;
			children = (
				69533E57247E58C7001AC751 /* AppDelegate.swift */,
				69533E59247E58C7001AC751 /* SceneDelegate.swift */,
				69533E65247E58CA001AC751 /* Info.plist */,
			);
			path = "Supporting Files";
			sourceTree = "<group>";
		};
		69CF073A248420B9002BA691 /* Resources */ = {
			isa = PBXGroup;
			children = (
				69533E60247E58CA001AC751 /* Assets.xcassets */,
				69533E62247E58CA001AC751 /* LaunchScreen.storyboard */,
			);
			path = Resources;
			sourceTree = "<group>";
		};
		69CF073B248420E4002BA691 /* Application */ = {
			isa = PBXGroup;
			children = (
				69533E94247EADFC001AC751 /* List Of Employees */,
				69CF072D2482ECB4002BA691 /* EmployeeDetails */,
				69533E7E247E6D7B001AC751 /* Networking */,
				69533E79247E59B5001AC751 /* Entities */,
				69CF07362483F65B002BA691 /* Local Contacts Service */,
				69CF072A2482BD20002BA691 /* Storage */,
			);
			path = Application;
			sourceTree = "<group>";
		};
		69CF073E24843557002BA691 /* EmployeeCell */ = {
			isa = PBXGroup;
			children = (
				69CF073F2484357F002BA691 /* EmployeeCell.swift */,
				69CF07402484357F002BA691 /* EmployeeCell.xib */,
			);
			path = EmployeeCell;
			sourceTree = "<group>";
		};
/* End PBXGroup section */

/* Begin PBXNativeTarget section */
		69533E53247E58C7001AC751 /* Employees */ = {
			isa = PBXNativeTarget;
			buildConfigurationList = 69533E73247E58CA001AC751 /* Build configuration list for PBXNativeTarget "Employees" */;
			buildPhases = (
				69533E50247E58C7001AC751 /* Sources */,
				69533E51247E58C7001AC751 /* Frameworks */,
				69533E52247E58C7001AC751 /* Resources */,
			);
			buildRules = (
			);
			dependencies = (
			);
			name = Employees;
			productName = Employees;
			productReference = 69533E54247E58C7001AC751 /* Employees.app */;
			productType = "com.apple.product-type.application";
		};
		69533E69247E58CA001AC751 /* EmployeesTests */ = {
			isa = PBXNativeTarget;
			buildConfigurationList = 69533E76247E58CA001AC751 /* Build configuration list for PBXNativeTarget "EmployeesTests" */;
			buildPhases = (
				69533E66247E58CA001AC751 /* Sources */,
				69533E67247E58CA001AC751 /* Frameworks */,
				69533E68247E58CA001AC751 /* Resources */,
			);
			buildRules = (
			);
			dependencies = (
				69533E6C247E58CA001AC751 /* PBXTargetDependency */,
			);
			name = EmployeesTests;
			productName = EmployeesTests;
			productReference = 69533E6A247E58CA001AC751 /* EmployeesTests.xctest */;
			productType = "com.apple.product-type.bundle.unit-test";
		};
/* End PBXNativeTarget section */

/* Begin PBXProject section */
		69533E4C247E58C7001AC751 /* Project object */ = {
			isa = PBXProject;
			attributes = {
				LastSwiftUpdateCheck = 1140;
				LastUpgradeCheck = 1140;
				ORGANIZATIONNAME = "Olga Kliushkina";
				TargetAttributes = {
					69533E53247E58C7001AC751 = {
						CreatedOnToolsVersion = 11.4.1;
					};
					69533E69247E58CA001AC751 = {
						CreatedOnToolsVersion = 11.4.1;
						TestTargetID = 69533E53247E58C7001AC751;
					};
				};
			};
			buildConfigurationList = 69533E4F247E58C7001AC751 /* Build configuration list for PBXProject "Employees" */;
			compatibilityVersion = "Xcode 9.3";
			developmentRegion = en;
			hasScannedForEncodings = 0;
			knownRegions = (
				en,
				Base,
			);
			mainGroup = 69533E4B247E58C7001AC751;
			productRefGroup = 69533E55247E58C7001AC751 /* Products */;
			projectDirPath = "";
			projectRoot = "";
			targets = (
				69533E53247E58C7001AC751 /* Employees */,
				69533E69247E58CA001AC751 /* EmployeesTests */,
			);
		};
/* End PBXProject section */

/* Begin PBXResourcesBuildPhase section */
		69533E52247E58C7001AC751 /* Resources */ = {
			isa = PBXResourcesBuildPhase;
			buildActionMask = 2147483647;
			files = (
				69CF072F2482ECC7002BA691 /* EmployeeDetailsViewController.storyboard in Resources */,
				69CF07422484357F002BA691 /* EmployeeCell.xib in Resources */,
				69533E64247E58CA001AC751 /* LaunchScreen.storyboard in Resources */,
				69533E61247E58CA001AC751 /* Assets.xcassets in Resources */,
				69533E96247EAE1D001AC751 /* EmployeesListViewController.storyboard in Resources */,
			);
			runOnlyForDeploymentPostprocessing = 0;
		};
		69533E68247E58CA001AC751 /* Resources */ = {
			isa = PBXResourcesBuildPhase;
			buildActionMask = 2147483647;
			files = (
			);
			runOnlyForDeploymentPostprocessing = 0;
		};
/* End PBXResourcesBuildPhase section */

/* Begin PBXSourcesBuildPhase section */
		69533E50247E58C7001AC751 /* Sources */ = {
			isa = PBXSourcesBuildPhase;
			buildActionMask = 2147483647;
			files = (
				69B7AAD5248157B400716B77 /* NetworkManagerProtocol.swift in Sources */,
				69533E91247E8693001AC751 /* TartuEndpoint.swift in Sources */,
				69533E8E247E85DE001AC751 /* ResponseHandler.swift in Sources */,
				69CF07332483C555002BA691 /* EmployeeDetailsViewModel.swift in Sources */,
				69533E8B247E7A73001AC751 /* NetworkServiceImpl.swift in Sources */,
				69CF07412484357F002BA691 /* EmployeeCell.swift in Sources */,
				69533E7D247E6D61001AC751 /* ContactDetails.swift in Sources */,
				69533E80247E6EC4001AC751 /* Endpoint.swift in Sources */,
				69B7AAD924817BB300716B77 /* UIViewController+Extensions.swift in Sources */,
				69533EAC247FCF4A001AC751 /* UITableVIew+Extension.swift in Sources */,
				69533EA2247EF00F001AC751 /* EmployeesOperation.swift in Sources */,
				69CF07382483FCE8002BA691 /* LocalContactsService.swift in Sources */,
				69533E7B247E59C4001AC751 /* Employee.swift in Sources */,
				69533E88247E7605001AC751 /* NetworkService.swift in Sources */,
				69533EB1248057DC001AC751 /* DataOperation.swift in Sources */,
				69CF07312482ECD4002BA691 /* EmployeeDetailsViewController.swift in Sources */,
				69533E58247E58C7001AC751 /* AppDelegate.swift in Sources */,
				69CF072C2482BD37002BA691 /* DataStorageManager.swift in Sources */,
				69533E5A247E58C7001AC751 /* SceneDelegate.swift in Sources */,
				69533E9E247ED2C9001AC751 /* EmployeesListViewModelImpl.swift in Sources */,
				69CF07352483C561002BA691 /* EmployeeDetailsViewModelImpl.swift in Sources */,
				69533E9A247EB02D001AC751 /* EmployeesListViewController.swift in Sources */,
				69B7AADE24817ED000716B77 /* CommonConstants.swift in Sources */,
				69B7AAD32481517B00716B77 /* NetworkingManager.swift in Sources */,
				69533E93247E86ED001AC751 /* TallinnEndpoint.swift in Sources */,
				69B7AADB24817DD300716B77 /* EmployeesListViewModel.swift in Sources */,
				69533E9C247EBD98001AC751 /* ViewControllersFactory.swift in Sources */,
			);
			runOnlyForDeploymentPostprocessing = 0;
		};
		69533E66247E58CA001AC751 /* Sources */ = {
			isa = PBXSourcesBuildPhase;
			buildActionMask = 2147483647;
			files = (
				69533E6F247E58CA001AC751 /* EmployeesTests.swift in Sources */,
			);
			runOnlyForDeploymentPostprocessing = 0;
		};
/* End PBXSourcesBuildPhase section */

/* Begin PBXTargetDependency section */
		69533E6C247E58CA001AC751 /* PBXTargetDependency */ = {
			isa = PBXTargetDependency;
			target = 69533E53247E58C7001AC751 /* Employees */;
			targetProxy = 69533E6B247E58CA001AC751 /* PBXContainerItemProxy */;
		};
/* End PBXTargetDependency section */

/* Begin PBXVariantGroup section */
		69533E62247E58CA001AC751 /* LaunchScreen.storyboard */ = {
			isa = PBXVariantGroup;
			children = (
				69533E63247E58CA001AC751 /* Base */,
			);
			name = LaunchScreen.storyboard;
			sourceTree = "<group>";
		};
/* End PBXVariantGroup section */

/* Begin XCBuildConfiguration section */
		69533E71247E58CA001AC751 /* Debug */ = {
			isa = XCBuildConfiguration;
			buildSettings = {
				ALWAYS_SEARCH_USER_PATHS = NO;
				CLANG_ANALYZER_NONNULL = YES;
				CLANG_ANALYZER_NUMBER_OBJECT_CONVERSION = YES_AGGRESSIVE;
				CLANG_CXX_LANGUAGE_STANDARD = "gnu++14";
				CLANG_CXX_LIBRARY = "libc++";
				CLANG_ENABLE_MODULES = YES;
				CLANG_ENABLE_OBJC_ARC = YES;
				CLANG_ENABLE_OBJC_WEAK = YES;
				CLANG_WARN_BLOCK_CAPTURE_AUTORELEASING = YES;
				CLANG_WARN_BOOL_CONVERSION = YES;
				CLANG_WARN_COMMA = YES;
				CLANG_WARN_CONSTANT_CONVERSION = YES;
				CLANG_WARN_DEPRECATED_OBJC_IMPLEMENTATIONS = YES;
				CLANG_WARN_DIRECT_OBJC_ISA_USAGE = YES_ERROR;
				CLANG_WARN_DOCUMENTATION_COMMENTS = YES;
				CLANG_WARN_EMPTY_BODY = YES;
				CLANG_WARN_ENUM_CONVERSION = YES;
				CLANG_WARN_INFINITE_RECURSION = YES;
				CLANG_WARN_INT_CONVERSION = YES;
				CLANG_WARN_NON_LITERAL_NULL_CONVERSION = YES;
				CLANG_WARN_OBJC_IMPLICIT_RETAIN_SELF = YES;
				CLANG_WARN_OBJC_LITERAL_CONVERSION = YES;
				CLANG_WARN_OBJC_ROOT_CLASS = YES_ERROR;
				CLANG_WARN_RANGE_LOOP_ANALYSIS = YES;
				CLANG_WARN_STRICT_PROTOTYPES = YES;
				CLANG_WARN_SUSPICIOUS_MOVE = YES;
				CLANG_WARN_UNGUARDED_AVAILABILITY = YES_AGGRESSIVE;
				CLANG_WARN_UNREACHABLE_CODE = YES;
				CLANG_WARN__DUPLICATE_METHOD_MATCH = YES;
				COPY_PHASE_STRIP = NO;
				DEBUG_INFORMATION_FORMAT = dwarf;
				ENABLE_STRICT_OBJC_MSGSEND = YES;
				ENABLE_TESTABILITY = YES;
				GCC_C_LANGUAGE_STANDARD = gnu11;
				GCC_DYNAMIC_NO_PIC = NO;
				GCC_NO_COMMON_BLOCKS = YES;
				GCC_OPTIMIZATION_LEVEL = 0;
				GCC_PREPROCESSOR_DEFINITIONS = (
					"DEBUG=1",
					"$(inherited)",
				);
				GCC_WARN_64_TO_32_BIT_CONVERSION = YES;
				GCC_WARN_ABOUT_RETURN_TYPE = YES_ERROR;
				GCC_WARN_UNDECLARED_SELECTOR = YES;
				GCC_WARN_UNINITIALIZED_AUTOS = YES_AGGRESSIVE;
				GCC_WARN_UNUSED_FUNCTION = YES;
				GCC_WARN_UNUSED_VARIABLE = YES;
				IPHONEOS_DEPLOYMENT_TARGET = 13.4;
				MTL_ENABLE_DEBUG_INFO = INCLUDE_SOURCE;
				MTL_FAST_MATH = YES;
				ONLY_ACTIVE_ARCH = YES;
				SDKROOT = iphoneos;
				SWIFT_ACTIVE_COMPILATION_CONDITIONS = DEBUG;
				SWIFT_OPTIMIZATION_LEVEL = "-Onone";
			};
			name = Debug;
		};
		69533E72247E58CA001AC751 /* Release */ = {
			isa = XCBuildConfiguration;
			buildSettings = {
				ALWAYS_SEARCH_USER_PATHS = NO;
				CLANG_ANALYZER_NONNULL = YES;
				CLANG_ANALYZER_NUMBER_OBJECT_CONVERSION = YES_AGGRESSIVE;
				CLANG_CXX_LANGUAGE_STANDARD = "gnu++14";
				CLANG_CXX_LIBRARY = "libc++";
				CLANG_ENABLE_MODULES = YES;
				CLANG_ENABLE_OBJC_ARC = YES;
				CLANG_ENABLE_OBJC_WEAK = YES;
				CLANG_WARN_BLOCK_CAPTURE_AUTORELEASING = YES;
				CLANG_WARN_BOOL_CONVERSION = YES;
				CLANG_WARN_COMMA = YES;
				CLANG_WARN_CONSTANT_CONVERSION = YES;
				CLANG_WARN_DEPRECATED_OBJC_IMPLEMENTATIONS = YES;
				CLANG_WARN_DIRECT_OBJC_ISA_USAGE = YES_ERROR;
				CLANG_WARN_DOCUMENTATION_COMMENTS = YES;
				CLANG_WARN_EMPTY_BODY = YES;
				CLANG_WARN_ENUM_CONVERSION = YES;
				CLANG_WARN_INFINITE_RECURSION = YES;
				CLANG_WARN_INT_CONVERSION = YES;
				CLANG_WARN_NON_LITERAL_NULL_CONVERSION = YES;
				CLANG_WARN_OBJC_IMPLICIT_RETAIN_SELF = YES;
				CLANG_WARN_OBJC_LITERAL_CONVERSION = YES;
				CLANG_WARN_OBJC_ROOT_CLASS = YES_ERROR;
				CLANG_WARN_RANGE_LOOP_ANALYSIS = YES;
				CLANG_WARN_STRICT_PROTOTYPES = YES;
				CLANG_WARN_SUSPICIOUS_MOVE = YES;
				CLANG_WARN_UNGUARDED_AVAILABILITY = YES_AGGRESSIVE;
				CLANG_WARN_UNREACHABLE_CODE = YES;
				CLANG_WARN__DUPLICATE_METHOD_MATCH = YES;
				COPY_PHASE_STRIP = NO;
				DEBUG_INFORMATION_FORMAT = "dwarf-with-dsym";
				ENABLE_NS_ASSERTIONS = NO;
				ENABLE_STRICT_OBJC_MSGSEND = YES;
				GCC_C_LANGUAGE_STANDARD = gnu11;
				GCC_NO_COMMON_BLOCKS = YES;
				GCC_WARN_64_TO_32_BIT_CONVERSION = YES;
				GCC_WARN_ABOUT_RETURN_TYPE = YES_ERROR;
				GCC_WARN_UNDECLARED_SELECTOR = YES;
				GCC_WARN_UNINITIALIZED_AUTOS = YES_AGGRESSIVE;
				GCC_WARN_UNUSED_FUNCTION = YES;
				GCC_WARN_UNUSED_VARIABLE = YES;
				IPHONEOS_DEPLOYMENT_TARGET = 13.4;
				MTL_ENABLE_DEBUG_INFO = NO;
				MTL_FAST_MATH = YES;
				SDKROOT = iphoneos;
				SWIFT_COMPILATION_MODE = wholemodule;
				SWIFT_OPTIMIZATION_LEVEL = "-O";
				VALIDATE_PRODUCT = YES;
			};
			name = Release;
		};
		69533E74247E58CA001AC751 /* Debug */ = {
			isa = XCBuildConfiguration;
			buildSettings = {
				ASSETCATALOG_COMPILER_APPICON_NAME = AppIcon;
				CODE_SIGN_STYLE = Automatic;
				DEVELOPMENT_TEAM = PTT8AW7PPX;
				INFOPLIST_FILE = "Employees/Supporting Files/Info.plist";
				LD_RUNPATH_SEARCH_PATHS = (
					"$(inherited)",
					"@executable_path/Frameworks",
				);
				PRODUCT_BUNDLE_IDENTIFIER = oklyushkina.Employees;
				PRODUCT_NAME = "$(TARGET_NAME)";
				SWIFT_VERSION = 5.0;
				TARGETED_DEVICE_FAMILY = "1,2";
			};
			name = Debug;
		};
		69533E75247E58CA001AC751 /* Release */ = {
			isa = XCBuildConfiguration;
			buildSettings = {
				ASSETCATALOG_COMPILER_APPICON_NAME = AppIcon;
				CODE_SIGN_STYLE = Automatic;
				DEVELOPMENT_TEAM = PTT8AW7PPX;
				INFOPLIST_FILE = "Employees/Supporting Files/Info.plist";
				LD_RUNPATH_SEARCH_PATHS = (
					"$(inherited)",
					"@executable_path/Frameworks",
				);
				PRODUCT_BUNDLE_IDENTIFIER = oklyushkina.Employees;
				PRODUCT_NAME = "$(TARGET_NAME)";
				SWIFT_VERSION = 5.0;
				TARGETED_DEVICE_FAMILY = "1,2";
			};
			name = Release;
		};
		69533E77247E58CA001AC751 /* Debug */ = {
			isa = XCBuildConfiguration;
			buildSettings = {
				ALWAYS_EMBED_SWIFT_STANDARD_LIBRARIES = YES;
				BUNDLE_LOADER = "$(TEST_HOST)";
				CODE_SIGN_STYLE = Automatic;
				DEVELOPMENT_TEAM = PTT8AW7PPX;
				INFOPLIST_FILE = EmployeesTests/Info.plist;
				IPHONEOS_DEPLOYMENT_TARGET = 13.4;
				LD_RUNPATH_SEARCH_PATHS = (
					"$(inherited)",
					"@executable_path/Frameworks",
					"@loader_path/Frameworks",
				);
				PRODUCT_BUNDLE_IDENTIFIER = oklyushkina.EmployeesTests;
				PRODUCT_NAME = "$(TARGET_NAME)";
				SWIFT_VERSION = 5.0;
				TARGETED_DEVICE_FAMILY = "1,2";
				TEST_HOST = "$(BUILT_PRODUCTS_DIR)/Employees.app/Employees";
			};
			name = Debug;
		};
		69533E78247E58CA001AC751 /* Release */ = {
			isa = XCBuildConfiguration;
			buildSettings = {
				ALWAYS_EMBED_SWIFT_STANDARD_LIBRARIES = YES;
				BUNDLE_LOADER = "$(TEST_HOST)";
				CODE_SIGN_STYLE = Automatic;
				DEVELOPMENT_TEAM = PTT8AW7PPX;
				INFOPLIST_FILE = EmployeesTests/Info.plist;
				IPHONEOS_DEPLOYMENT_TARGET = 13.4;
				LD_RUNPATH_SEARCH_PATHS = (
					"$(inherited)",
					"@executable_path/Frameworks",
					"@loader_path/Frameworks",
				);
				PRODUCT_BUNDLE_IDENTIFIER = oklyushkina.EmployeesTests;
				PRODUCT_NAME = "$(TARGET_NAME)";
				SWIFT_VERSION = 5.0;
				TARGETED_DEVICE_FAMILY = "1,2";
				TEST_HOST = "$(BUILT_PRODUCTS_DIR)/Employees.app/Employees";
			};
			name = Release;
		};
/* End XCBuildConfiguration section */

/* Begin XCConfigurationList section */
		69533E4F247E58C7001AC751 /* Build configuration list for PBXProject "Employees" */ = {
			isa = XCConfigurationList;
			buildConfigurations = (
				69533E71247E58CA001AC751 /* Debug */,
				69533E72247E58CA001AC751 /* Release */,
			);
			defaultConfigurationIsVisible = 0;
			defaultConfigurationName = Release;
		};
		69533E73247E58CA001AC751 /* Build configuration list for PBXNativeTarget "Employees" */ = {
			isa = XCConfigurationList;
			buildConfigurations = (
				69533E74247E58CA001AC751 /* Debug */,
				69533E75247E58CA001AC751 /* Release */,
			);
			defaultConfigurationIsVisible = 0;
			defaultConfigurationName = Release;
		};
		69533E76247E58CA001AC751 /* Build configuration list for PBXNativeTarget "EmployeesTests" */ = {
			isa = XCConfigurationList;
			buildConfigurations = (
				69533E77247E58CA001AC751 /* Debug */,
				69533E78247E58CA001AC751 /* Release */,
			);
			defaultConfigurationIsVisible = 0;
			defaultConfigurationName = Release;
		};
/* End XCConfigurationList section */
	};
	rootObject = 69533E4C247E58C7001AC751 /* Project object */;
}
