// !$*UTF8*$!
{
	archiveVersion = 1;
	classes = {
	};
	objectVersion = 50;
	objects = {

/* Begin PBXBuildFile section */
		69533E58247E58C7001AC751 /* AppDelegate.swift in Sources */ = {isa = PBXBuildFile; fileRef = 69533E57247E58C7001AC751 /* AppDelegate.swift */; };
		69533E5A247E58C7001AC751 /* SceneDelegate.swift in Sources */ = {isa = PBXBuildFile; fileRef = 69533E59247E58C7001AC751 /* SceneDelegate.swift */; };
		69533E5C247E58C7001AC751 /* ViewController.swift in Sources */ = {isa = PBXBuildFile; fileRef = 69533E5B247E58C7001AC751 /* ViewController.swift */; };
		69533E5F247E58C7001AC751 /* Main.storyboard in Resources */ = {isa = PBXBuildFile; fileRef = 69533E5D247E58C7001AC751 /* Main.storyboard */; };
		69533E61247E58CA001AC751 /* Assets.xcassets in Resources */ = {isa = PBXBuildFile; fileRef = 69533E60247E58CA001AC751 /* Assets.xcassets */; };
		69533E64247E58CA001AC751 /* LaunchScreen.storyboard in Resources */ = {isa = PBXBuildFile; fileRef = 69533E62247E58CA001AC751 /* LaunchScreen.storyboard */; };
		69533E6F247E58CA001AC751 /* EmployeesTests.swift in Sources */ = {isa = PBXBuildFile; fileRef = 69533E6E247E58CA001AC751 /* EmployeesTests.swift */; };
/* End PBXBuildFile section */

/* Begin PBXContainerItemProxy section */
		69533E6B247E58CA001AC751 /* PBXContainerItemProxy */ = {
			isa = PBXContainerItemProxy;
			containerPortal = 69533E4C247E58C7001AC751 /* Project object */;
			proxyType = 1;
			remoteGlobalIDString = 69533E53247E58C7001AC751;
			remoteInfo = Employees;
		};
/* End PBXContainerItemProxy section */

/* Begin PBXFileReference section */
		69533E54247E58C7001AC751 /* Employees.app */ = {isa = PBXFileReference; explicitFileType = wrapper.application; includeInIndex = 0; path = Employees.app; sourceTree = BUILT_PRODUCTS_DIR; };
		69533E57247E58C7001AC751 /* AppDelegate.swift */ = {isa = PBXFileReference; lastKnownFileType = sourcecode.swift; path = AppDelegate.swift; sourceTree = "<group>"; };
		69533E59247E58C7001AC751 /* SceneDelegate.swift */ = {isa = PBXFileReference; lastKnownFileType = sourcecode.swift; path = SceneDelegate.swift; sourceTree = "<group>"; };
		69533E5B247E58C7001AC751 /* ViewController.swift */ = {isa = PBXFileReference; lastKnownFileType = sourcecode.swift; path = ViewController.swift; sourceTree = "<group>"; };
		69533E5E247E58C7001AC751 /* Base */ = {isa = PBXFileReference; lastKnownFileType = file.storyboard; name = Base; path = Base.lproj/Main.storyboard; sourceTree = "<group>"; };
		69533E60247E58CA001AC751 /* Assets.xcassets */ = {isa = PBXFileReference; lastKnownFileType = folder.assetcatalog; path = Assets.xcassets; sourceTree = "<group>"; };
		69533E63247E58CA001AC751 /* Base */ = {isa = PBXFileReference; lastKnownFileType = file.storyboard; name = Base; path = Base.lproj/LaunchScreen.storyboard; sourceTree = "<group>"; };
		69533E65247E58CA001AC751 /* Info.plist */ = {isa = PBXFileReference; lastKnownFileType = text.plist.xml; path = Info.plist; sourceTree = "<group>"; };
		69533E6A247E58CA001AC751 /* EmployeesTests.xctest */ = {isa = PBXFileReference; explicitFileType = wrapper.cfbundle; includeInIndex = 0; path = EmployeesTests.xctest; sourceTree = BUILT_PRODUCTS_DIR; };
		69533E6E247E58CA001AC751 /* EmployeesTests.swift */ = {isa = PBXFileReference; lastKnownFileType = sourcecode.swift; path = EmployeesTests.swift; sourceTree = "<group>"; };
		69533E70247E58CA001AC751 /* Info.plist */ = {isa = PBXFileReference; lastKnownFileType = text.plist.xml; path = Info.plist; sourceTree = "<group>"; };
/* End PBXFileReference section */

/* Begin PBXFrameworksBuildPhase section */
		69533E51247E58C7001AC751 /* Frameworks */ = {
			isa = PBXFrameworksBuildPhase;
			buildActionMask = 2147483647;
			files = (
			);
			runOnlyForDeploymentPostprocessing = 0;
		};
		69533E67247E58CA001AC751 /* Frameworks */ = {
			isa = PBXFrameworksBuildPhase;
			buildActionMask = 2147483647;
			files = (
			);
			runOnlyForDeploymentPostprocessing = 0;
		};
/* End PBXFrameworksBuildPhase section */

/* Begin PBXGroup section */
		69533E4B247E58C7001AC751 = {
			isa = PBXGroup;
			children = (
				69533E56247E58C7001AC751 /* Employees */,
				69533E6D247E58CA001AC751 /* EmployeesTests */,
				69533E55247E58C7001AC751 /* Products */,
			);
			sourceTree = "<group>";
		};
		69533E55247E58C7001AC751 /* Products */ = {
			isa = PBXGroup;
			children = (
				69533E54247E58C7001AC751 /* Employees.app */,
				69533E6A247E58CA001AC751 /* EmployeesTests.xctest */,
			);
			name = Products;
			sourceTree = "<group>";
		};
		69533E56247E58C7001AC751 /* Employees */ = {
			isa = PBXGroup;
			children = (
				69533E57247E58C7001AC751 /* AppDelegate.swift */,
				69533E59247E58C7001AC751 /* SceneDelegate.swift */,
				69533E5B247E58C7001AC751 /* ViewController.swift */,
				69533E5D247E58C7001AC751 /* Main.storyboard */,
				69533E60247E58CA001AC751 /* Assets.xcassets */,
				69533E62247E58CA001AC751 /* LaunchScreen.storyboard */,
				69533E65247E58CA001AC751 /* Info.plist */,
			);
			path = Employees;
			sourceTree = "<group>";
		};
		69533E6D247E58CA001AC751 /* EmployeesTests */ = {
			isa = PBXGroup;
			children = (
				69533E6E247E58CA001AC751 /* EmployeesTests.swift */,
				69533E70247E58CA001AC751 /* Info.plist */,
			);
			path = EmployeesTests;
			sourceTree = "<group>";
		};
/* End PBXGroup section */

/* Begin PBXNativeTarget section */
		69533E53247E58C7001AC751 /* Employees */ = {
			isa = PBXNativeTarget;
			buildConfigurationList = 69533E73247E58CA001AC751 /* Build configuration list for PBXNativeTarget "Employees" */;
			buildPhases = (
				69533E50247E58C7001AC751 /* Sources */,
				69533E51247E58C7001AC751 /* Frameworks */,
				69533E52247E58C7001AC751 /* Resources */,
			);
			buildRules = (
			);
			dependencies = (
			);
			name = Employees;
			productName = Employees;
			productReference = 69533E54247E58C7001AC751 /* Employees.app */;
			productType = "com.apple.product-type.application";
		};
		69533E69247E58CA001AC751 /* EmployeesTests */ = {
			isa = PBXNativeTarget;
			buildConfigurationList = 69533E76247E58CA001AC751 /* Build configuration list for PBXNativeTarget "EmployeesTests" */;
			buildPhases = (
				69533E66247E58CA001AC751 /* Sources */,
				69533E67247E58CA001AC751 /* Frameworks */,
				69533E68247E58CA001AC751 /* Resources */,
			);
			buildRules = (
			);
			dependencies = (
				69533E6C247E58CA001AC751 /* PBXTargetDependency */,
			);
			name = EmployeesTests;
			productName = EmployeesTests;
			productReference = 69533E6A247E58CA001AC751 /* EmployeesTests.xctest */;
			productType = "com.apple.product-type.bundle.unit-test";
		};
/* End PBXNativeTarget section */

/* Begin PBXProject section */
		69533E4C247E58C7001AC751 /* Project object */ = {
			isa = PBXProject;
			attributes = {
				LastSwiftUpdateCheck = 1140;
				LastUpgradeCheck = 1140;
				ORGANIZATIONNAME = "Olga Klyushkina";
				TargetAttributes = {
					69533E53247E58C7001AC751 = {
						CreatedOnToolsVersion = 11.4.1;
					};
					69533E69247E58CA001AC751 = {
						CreatedOnToolsVersion = 11.4.1;
						TestTargetID = 69533E53247E58C7001AC751;
					};
				};
			};
			buildConfigurationList = 69533E4F247E58C7001AC751 /* Build configuration list for PBXProject "Employees" */;
			compatibilityVersion = "Xcode 9.3";
			developmentRegion = en;
			hasScannedForEncodings = 0;
			knownRegions = (
				en,
				Base,
			);
			mainGroup = 69533E4B247E58C7001AC751;
			productRefGroup = 69533E55247E58C7001AC751 /* Products */;
			projectDirPath = "";
			projectRoot = "";
			targets = (
				69533E53247E58C7001AC751 /* Employees */,
				69533E69247E58CA001AC751 /* EmployeesTests */,
			);
		};
/* End PBXProject section */

/* Begin PBXResourcesBuildPhase section */
		69533E52247E58C7001AC751 /* Resources */ = {
			isa = PBXResourcesBuildPhase;
			buildActionMask = 2147483647;
			files = (
				69533E64247E58CA001AC751 /* LaunchScreen.storyboard in Resources */,
				69533E61247E58CA001AC751 /* Assets.xcassets in Resources */,
				69533E5F247E58C7001AC751 /* Main.storyboard in Resources */,
			);
			runOnlyForDeploymentPostprocessing = 0;
		};
		69533E68247E58CA001AC751 /* Resources */ = {
			isa = PBXResourcesBuildPhase;
			buildActionMask = 2147483647;
			files = (
			);
			runOnlyForDeploymentPostprocessing = 0;
		};
/* End PBXResourcesBuildPhase section */

/* Begin PBXSourcesBuildPhase section */
		69533E50247E58C7001AC751 /* Sources */ = {
			isa = PBXSourcesBuildPhase;
			buildActionMask = 2147483647;
			files = (
				69533E5C247E58C7001AC751 /* ViewController.swift in Sources */,
				69533E58247E58C7001AC751 /* AppDelegate.swift in Sources */,
				69533E5A247E58C7001AC751 /* SceneDelegate.swift in Sources */,
			);
			runOnlyForDeploymentPostprocessing = 0;
		};
		69533E66247E58CA001AC751 /* Sources */ = {
			isa = PBXSourcesBuildPhase;
			buildActionMask = 2147483647;
			files = (
				69533E6F247E58CA001AC751 /* EmployeesTests.swift in Sources */,
			);
			runOnlyForDeploymentPostprocessing = 0;
		};
/* End PBXSourcesBuildPhase section */

/* Begin PBXTargetDependency section */
		69533E6C247E58CA001AC751 /* PBXTargetDependency */ = {
			isa = PBXTargetDependency;
			target = 69533E53247E58C7001AC751 /* Employees */;
			targetProxy = 69533E6B247E58CA001AC751 /* PBXContainerItemProxy */;
		};
/* End PBXTargetDependency section */

/* Begin PBXVariantGroup section */
		69533E5D247E58C7001AC751 /* Main.storyboard */ = {
			isa = PBXVariantGroup;
			children = (
				69533E5E247E58C7001AC751 /* Base */,
			);
			name = Main.storyboard;
			sourceTree = "<group>";
		};
		69533E62247E58CA001AC751 /* LaunchScreen.storyboard */ = {
			isa = PBXVariantGroup;
			children = (
				69533E63247E58CA001AC751 /* Base */,
			);
			name = LaunchScreen.storyboard;
			sourceTree = "<group>";
		};
/* End PBXVariantGroup section */

/* Begin XCBuildConfiguration section */
		69533E71247E58CA001AC751 /* Debug */ = {
			isa = XCBuildConfiguration;
			buildSettings = {
				ALWAYS_SEARCH_USER_PATHS = NO;
				CLANG_ANALYZER_NONNULL = YES;
				CLANG_ANALYZER_NUMBER_OBJECT_CONVERSION = YES_AGGRESSIVE;
				CLANG_CXX_LANGUAGE_STANDARD = "gnu++14";
				CLANG_CXX_LIBRARY = "libc++";
				CLANG_ENABLE_MODULES = YES;
				CLANG_ENABLE_OBJC_ARC = YES;
				CLANG_ENABLE_OBJC_WEAK = YES;
				CLANG_WARN_BLOCK_CAPTURE_AUTORELEASING = YES;
				CLANG_WARN_BOOL_CONVERSION = YES;
				CLANG_WARN_COMMA = YES;
				CLANG_WARN_CONSTANT_CONVERSION = YES;
				CLANG_WARN_DEPRECATED_OBJC_IMPLEMENTATIONS = YES;
				CLANG_WARN_DIRECT_OBJC_ISA_USAGE = YES_ERROR;
				CLANG_WARN_DOCUMENTATION_COMMENTS = YES;
				CLANG_WARN_EMPTY_BODY = YES;
				CLANG_WARN_ENUM_CONVERSION = YES;
				CLANG_WARN_INFINITE_RECURSION = YES;
				CLANG_WARN_INT_CONVERSION = YES;
				CLANG_WARN_NON_LITERAL_NULL_CONVERSION = YES;
				CLANG_WARN_OBJC_IMPLICIT_RETAIN_SELF = YES;
				CLANG_WARN_OBJC_LITERAL_CONVERSION = YES;
				CLANG_WARN_OBJC_ROOT_CLASS = YES_ERROR;
				CLANG_WARN_RANGE_LOOP_ANALYSIS = YES;
				CLANG_WARN_STRICT_PROTOTYPES = YES;
				CLANG_WARN_SUSPICIOUS_MOVE = YES;
				CLANG_WARN_UNGUARDED_AVAILABILITY = YES_AGGRESSIVE;
				CLANG_WARN_UNREACHABLE_CODE = YES;
				CLANG_WARN__DUPLICATE_METHOD_MATCH = YES;
				COPY_PHASE_STRIP = NO;
				DEBUG_INFORMATION_FORMAT = dwarf;
				ENABLE_STRICT_OBJC_MSGSEND = YES;
				ENABLE_TESTABILITY = YES;
				GCC_C_LANGUAGE_STANDARD = gnu11;
				GCC_DYNAMIC_NO_PIC = NO;
				GCC_NO_COMMON_BLOCKS = YES;
				GCC_OPTIMIZATION_LEVEL = 0;
				GCC_PREPROCESSOR_DEFINITIONS = (
					"DEBUG=1",
					"$(inherited)",
				);
				GCC_WARN_64_TO_32_BIT_CONVERSION = YES;
				GCC_WARN_ABOUT_RETURN_TYPE = YES_ERROR;
				GCC_WARN_UNDECLARED_SELECTOR = YES;
				GCC_WARN_UNINITIALIZED_AUTOS = YES_AGGRESSIVE;
				GCC_WARN_UNUSED_FUNCTION = YES;
				GCC_WARN_UNUSED_VARIABLE = YES;
				IPHONEOS_DEPLOYMENT_TARGET = 13.4;
				MTL_ENABLE_DEBUG_INFO = INCLUDE_SOURCE;
				MTL_FAST_MATH = YES;
				ONLY_ACTIVE_ARCH = YES;
				SDKROOT = iphoneos;
				SWIFT_ACTIVE_COMPILATION_CONDITIONS = DEBUG;
				SWIFT_OPTIMIZATION_LEVEL = "-Onone";
			};
			name = Debug;
		};
		69533E72247E58CA001AC751 /* Release */ = {
			isa = XCBuildConfiguration;
			buildSettings = {
				ALWAYS_SEARCH_USER_PATHS = NO;
				CLANG_ANALYZER_NONNULL = YES;
				CLANG_ANALYZER_NUMBER_OBJECT_CONVERSION = YES_AGGRESSIVE;
				CLANG_CXX_LANGUAGE_STANDARD = "gnu++14";
				CLANG_CXX_LIBRARY = "libc++";
				CLANG_ENABLE_MODULES = YES;
				CLANG_ENABLE_OBJC_ARC = YES;
				CLANG_ENABLE_OBJC_WEAK = YES;
				CLANG_WARN_BLOCK_CAPTURE_AUTORELEASING = YES;
				CLANG_WARN_BOOL_CONVERSION = YES;
				CLANG_WARN_COMMA = YES;
				CLANG_WARN_CONSTANT_CONVERSION = YES;
				CLANG_WARN_DEPRECATED_OBJC_IMPLEMENTATIONS = YES;
				CLANG_WARN_DIRECT_OBJC_ISA_USAGE = YES_ERROR;
				CLANG_WARN_DOCUMENTATION_COMMENTS = YES;
				CLANG_WARN_EMPTY_BODY = YES;
				CLANG_WARN_ENUM_CONVERSION = YES;
				CLANG_WARN_INFINITE_RECURSION = YES;
				CLANG_WARN_INT_CONVERSION = YES;
				CLANG_WARN_NON_LITERAL_NULL_CONVERSION = YES;
				CLANG_WARN_OBJC_IMPLICIT_RETAIN_SELF = YES;
				CLANG_WARN_OBJC_LITERAL_CONVERSION = YES;
				CLANG_WARN_OBJC_ROOT_CLASS = YES_ERROR;
				CLANG_WARN_RANGE_LOOP_ANALYSIS = YES;
				CLANG_WARN_STRICT_PROTOTYPES = YES;
				CLANG_WARN_SUSPICIOUS_MOVE = YES;
				CLANG_WARN_UNGUARDED_AVAILABILITY = YES_AGGRESSIVE;
				CLANG_WARN_UNREACHABLE_CODE = YES;
				CLANG_WARN__DUPLICATE_METHOD_MATCH = YES;
				COPY_PHASE_STRIP = NO;
				DEBUG_INFORMATION_FORMAT = "dwarf-with-dsym";
				ENABLE_NS_ASSERTIONS = NO;
				ENABLE_STRICT_OBJC_MSGSEND = YES;
				GCC_C_LANGUAGE_STANDARD = gnu11;
				GCC_NO_COMMON_BLOCKS = YES;
				GCC_WARN_64_TO_32_BIT_CONVERSION = YES;
				GCC_WARN_ABOUT_RETURN_TYPE = YES_ERROR;
				GCC_WARN_UNDECLARED_SELECTOR = YES;
				GCC_WARN_UNINITIALIZED_AUTOS = YES_AGGRESSIVE;
				GCC_WARN_UNUSED_FUNCTION = YES;
				GCC_WARN_UNUSED_VARIABLE = YES;
				IPHONEOS_DEPLOYMENT_TARGET = 13.4;
				MTL_ENABLE_DEBUG_INFO = NO;
				MTL_FAST_MATH = YES;
				SDKROOT = iphoneos;
				SWIFT_COMPILATION_MODE = wholemodule;
				SWIFT_OPTIMIZATION_LEVEL = "-O";
				VALIDATE_PRODUCT = YES;
			};
			name = Release;
		};
		69533E74247E58CA001AC751 /* Debug */ = {
			isa = XCBuildConfiguration;
			buildSettings = {
				ASSETCATALOG_COMPILER_APPICON_NAME = AppIcon;
				CODE_SIGN_STYLE = Automatic;
				DEVELOPMENT_TEAM = PTT8AW7PPX;
				INFOPLIST_FILE = Employees/Info.plist;
				LD_RUNPATH_SEARCH_PATHS = (
					"$(inherited)",
					"@executable_path/Frameworks",
				);
				PRODUCT_BUNDLE_IDENTIFIER = oklyushkina.Employees;
				PRODUCT_NAME = "$(TARGET_NAME)";
				SWIFT_VERSION = 5.0;
				TARGETED_DEVICE_FAMILY = "1,2";
			};
			name = Debug;
		};
		69533E75247E58CA001AC751 /* Release */ = {
			isa = XCBuildConfiguration;
			buildSettings = {
				ASSETCATALOG_COMPILER_APPICON_NAME = AppIcon;
				CODE_SIGN_STYLE = Automatic;
				DEVELOPMENT_TEAM = PTT8AW7PPX;
				INFOPLIST_FILE = Employees/Info.plist;
				LD_RUNPATH_SEARCH_PATHS = (
					"$(inherited)",
					"@executable_path/Frameworks",
				);
				PRODUCT_BUNDLE_IDENTIFIER = oklyushkina.Employees;
				PRODUCT_NAME = "$(TARGET_NAME)";
				SWIFT_VERSION = 5.0;
				TARGETED_DEVICE_FAMILY = "1,2";
			};
			name = Release;
		};
		69533E77247E58CA001AC751 /* Debug */ = {
			isa = XCBuildConfiguration;
			buildSettings = {
				ALWAYS_EMBED_SWIFT_STANDARD_LIBRARIES = YES;
				BUNDLE_LOADER = "$(TEST_HOST)";
				CODE_SIGN_STYLE = Automatic;
				DEVELOPMENT_TEAM = PTT8AW7PPX;
				INFOPLIST_FILE = EmployeesTests/Info.plist;
				IPHONEOS_DEPLOYMENT_TARGET = 13.4;
				LD_RUNPATH_SEARCH_PATHS = (
					"$(inherited)",
					"@executable_path/Frameworks",
					"@loader_path/Frameworks",
				);
				PRODUCT_BUNDLE_IDENTIFIER = oklyushkina.EmployeesTests;
				PRODUCT_NAME = "$(TARGET_NAME)";
				SWIFT_VERSION = 5.0;
				TARGETED_DEVICE_FAMILY = "1,2";
				TEST_HOST = "$(BUILT_PRODUCTS_DIR)/Employees.app/Employees";
			};
			name = Debug;
		};
		69533E78247E58CA001AC751 /* Release */ = {
			isa = XCBuildConfiguration;
			buildSettings = {
				ALWAYS_EMBED_SWIFT_STANDARD_LIBRARIES = YES;
				BUNDLE_LOADER = "$(TEST_HOST)";
				CODE_SIGN_STYLE = Automatic;
				DEVELOPMENT_TEAM = PTT8AW7PPX;
				INFOPLIST_FILE = EmployeesTests/Info.plist;
				IPHONEOS_DEPLOYMENT_TARGET = 13.4;
				LD_RUNPATH_SEARCH_PATHS = (
					"$(inherited)",
					"@executable_path/Frameworks",
					"@loader_path/Frameworks",
				);
				PRODUCT_BUNDLE_IDENTIFIER = oklyushkina.EmployeesTests;
				PRODUCT_NAME = "$(TARGET_NAME)";
				SWIFT_VERSION = 5.0;
				TARGETED_DEVICE_FAMILY = "1,2";
				TEST_HOST = "$(BUILT_PRODUCTS_DIR)/Employees.app/Employees";
			};
			name = Release;
		};
/* End XCBuildConfiguration section */

/* Begin XCConfigurationList section */
		69533E4F247E58C7001AC751 /* Build configuration list for PBXProject "Employees" */ = {
			isa = XCConfigurationList;
			buildConfigurations = (
				69533E71247E58CA001AC751 /* Debug */,
				69533E72247E58CA001AC751 /* Release */,
			);
			defaultConfigurationIsVisible = 0;
			defaultConfigurationName = Release;
		};
		69533E73247E58CA001AC751 /* Build configuration list for PBXNativeTarget "Employees" */ = {
			isa = XCConfigurationList;
			buildConfigurations = (
				69533E74247E58CA001AC751 /* Debug */,
				69533E75247E58CA001AC751 /* Release */,
			);
			defaultConfigurationIsVisible = 0;
			defaultConfigurationName = Release;
		};
		69533E76247E58CA001AC751 /* Build configuration list for PBXNativeTarget "EmployeesTests" */ = {
			isa = XCConfigurationList;
			buildConfigurations = (
				69533E77247E58CA001AC751 /* Debug */,
				69533E78247E58CA001AC751 /* Release */,
			);
			defaultConfigurationIsVisible = 0;
			defaultConfigurationName = Release;
		};
/* End XCConfigurationList section */
	};
	rootObject = 69533E4C247E58C7001AC751 /* Project object */;
}
